
Microsoft Visual Studio Solution File, Format Version 12.00
# Visual Studio Version 17
VisualStudioVersion = 17.4.33205.214
MinimumVisualStudioVersion = 10.0.40219.1
Project("{FAE04EC0-301F-11D3-BF4B-00C04F79EFBC}") = "screens", "screens\screens.csproj", "{FC3BD94F-B3F0-4872-91E4-A4F11010AFAA}"
EndProject
Global
	GlobalSection(SolutionConfigurationPlatforms) = preSolution
		Debug|Any CPU = Debug|Any CPU
		Release|Any CPU = Release|Any CPU
	EndGlobalSection
	GlobalSection(ProjectConfigurationPlatforms) = postSolution
		{FC3BD94F-B3F0-4872-91E4-A4F11010AFAA}.Debug|Any CPU.ActiveCfg = Debug|Any CPU
		{FC3BD94F-B3F0-4872-91E4-A4F11010AFAA}.Debug|Any CPU.Build.0 = Debug|Any CPU
		{FC3BD94F-B3F0-4872-91E4-A4F11010AFAA}.Release|Any CPU.ActiveCfg = Release|Any CPU
		{FC3BD94F-B3F0-4872-91E4-A4F11010AFAA}.Release|Any CPU.Build.0 = Release|Any CPU
	EndGlobalSection
	GlobalSection(SolutionProperties) = preSolution
		HideSolutionNode = FALSE
	EndGlobalSection
	GlobalSection(ExtensibilityGlobals) = postSolution
		SolutionGuid = {053BE860-EC33-49FD-A1BE-485390B4F6A7}
	EndGlobalSection
EndGlobal
